// !$*UTF8*$!
{
	archiveVersion = 1;
	classes = {
	};
	objectVersion = 46;
	objects = {

/* Begin PBXBuildFile section */
		8BF7A031BA944A950B404922 /* Pods.framework in Frameworks */ = {isa = PBXBuildFile; fileRef = 51412203209DCE13D25DD69B /* Pods.framework */; };
		A9B28E4D1CB3D33C00464083 /* AppDelegate.swift in Sources */ = {isa = PBXBuildFile; fileRef = A9B28E4C1CB3D33C00464083 /* AppDelegate.swift */; };
		A9B28E551CB3D33C00464083 /* currencies.xcdatamodeld in Sources */ = {isa = PBXBuildFile; fileRef = A9B28E531CB3D33C00464083 /* currencies.xcdatamodeld */; };
		A9B28E571CB3D33C00464083 /* Assets.xcassets in Resources */ = {isa = PBXBuildFile; fileRef = A9B28E561CB3D33C00464083 /* Assets.xcassets */; };
		A9B28E5A1CB3D33C00464083 /* LaunchScreen.storyboard in Resources */ = {isa = PBXBuildFile; fileRef = A9B28E581CB3D33C00464083 /* LaunchScreen.storyboard */; };
		A9B28E651CB3D33C00464083 /* currenciesTests.swift in Sources */ = {isa = PBXBuildFile; fileRef = A9B28E641CB3D33C00464083 /* currenciesTests.swift */; };
		A9B28E741CB3D4FF00464083 /* ViewController.swift in Sources */ = {isa = PBXBuildFile; fileRef = A9B28E711CB3D4FF00464083 /* ViewController.swift */; };
		A9B28E761CB3D54100464083 /* Session.swift in Sources */ = {isa = PBXBuildFile; fileRef = A9B28E751CB3D54100464083 /* Session.swift */; };
		A9B28E7A1CB3D58C00464083 /* SharedViewController.swift in Sources */ = {isa = PBXBuildFile; fileRef = A9B28E791CB3D58C00464083 /* SharedViewController.swift */; };
		A9B28E7C1CB3D60800464083 /* SharedTableViewController.swift in Sources */ = {isa = PBXBuildFile; fileRef = A9B28E7B1CB3D60800464083 /* SharedTableViewController.swift */; };
		A9B28E7F1CB3D7BC00464083 /* Global.swift in Sources */ = {isa = PBXBuildFile; fileRef = A9B28E7E1CB3D7BC00464083 /* Global.swift */; };
		A9B28E811CB3DBAC00464083 /* Good.swift in Sources */ = {isa = PBXBuildFile; fileRef = A9B28E801CB3DBAC00464083 /* Good.swift */; };
		A9B28E831CB3EC2900464083 /* Currency.swift in Sources */ = {isa = PBXBuildFile; fileRef = A9B28E821CB3EC2900464083 /* Currency.swift */; };
/* End PBXBuildFile section */

/* Begin PBXContainerItemProxy section */
		A9B28E611CB3D33C00464083 /* PBXContainerItemProxy */ = {
			isa = PBXContainerItemProxy;
			containerPortal = A9B28E411CB3D33C00464083 /* Project object */;
			proxyType = 1;
			remoteGlobalIDString = A9B28E481CB3D33C00464083;
			remoteInfo = currencies;
		};
/* End PBXContainerItemProxy section */

/* Begin PBXFileReference section */
		311182806F3E198E464E0640 /* Pods.debug.xcconfig */ = {isa = PBXFileReference; includeInIndex = 1; lastKnownFileType = text.xcconfig; name = Pods.debug.xcconfig; path = "Pods/Target Support Files/Pods/Pods.debug.xcconfig"; sourceTree = "<group>"; };
		38604E484BB221D6459217B0 /* Pods.release.xcconfig */ = {isa = PBXFileReference; includeInIndex = 1; lastKnownFileType = text.xcconfig; name = Pods.release.xcconfig; path = "Pods/Target Support Files/Pods/Pods.release.xcconfig"; sourceTree = "<group>"; };
		51412203209DCE13D25DD69B /* Pods.framework */ = {isa = PBXFileReference; explicitFileType = wrapper.framework; includeInIndex = 0; path = Pods.framework; sourceTree = BUILT_PRODUCTS_DIR; };
		A9B28E491CB3D33C00464083 /* currencies.app */ = {isa = PBXFileReference; explicitFileType = wrapper.application; includeInIndex = 0; path = currencies.app; sourceTree = BUILT_PRODUCTS_DIR; };
		A9B28E4C1CB3D33C00464083 /* AppDelegate.swift */ = {isa = PBXFileReference; lastKnownFileType = sourcecode.swift; path = AppDelegate.swift; sourceTree = "<group>"; };
		A9B28E541CB3D33C00464083 /* currencies.xcdatamodel */ = {isa = PBXFileReference; lastKnownFileType = wrapper.xcdatamodel; path = currencies.xcdatamodel; sourceTree = "<group>"; };
		A9B28E561CB3D33C00464083 /* Assets.xcassets */ = {isa = PBXFileReference; lastKnownFileType = folder.assetcatalog; path = Assets.xcassets; sourceTree = "<group>"; };
		A9B28E591CB3D33C00464083 /* Base */ = {isa = PBXFileReference; lastKnownFileType = file.storyboard; name = Base; path = Base.lproj/LaunchScreen.storyboard; sourceTree = "<group>"; };
		A9B28E5B1CB3D33C00464083 /* Info.plist */ = {isa = PBXFileReference; lastKnownFileType = text.plist.xml; path = Info.plist; sourceTree = "<group>"; };
		A9B28E601CB3D33C00464083 /* currenciesTests.xctest */ = {isa = PBXFileReference; explicitFileType = wrapper.cfbundle; includeInIndex = 0; path = currenciesTests.xctest; sourceTree = BUILT_PRODUCTS_DIR; };
		A9B28E641CB3D33C00464083 /* currenciesTests.swift */ = {isa = PBXFileReference; lastKnownFileType = sourcecode.swift; path = currenciesTests.swift; sourceTree = "<group>"; };
		A9B28E661CB3D33C00464083 /* Info.plist */ = {isa = PBXFileReference; lastKnownFileType = text.plist.xml; path = Info.plist; sourceTree = "<group>"; };
		A9B28E711CB3D4FF00464083 /* ViewController.swift */ = {isa = PBXFileReference; fileEncoding = 4; lastKnownFileType = sourcecode.swift; path = ViewController.swift; sourceTree = "<group>"; };
		A9B28E751CB3D54100464083 /* Session.swift */ = {isa = PBXFileReference; fileEncoding = 4; lastKnownFileType = sourcecode.swift; path = Session.swift; sourceTree = "<group>"; };
		A9B28E791CB3D58C00464083 /* SharedViewController.swift */ = {isa = PBXFileReference; fileEncoding = 4; lastKnownFileType = sourcecode.swift; path = SharedViewController.swift; sourceTree = "<group>"; };
		A9B28E7B1CB3D60800464083 /* SharedTableViewController.swift */ = {isa = PBXFileReference; fileEncoding = 4; lastKnownFileType = sourcecode.swift; path = SharedTableViewController.swift; sourceTree = "<group>"; };
		A9B28E7D1CB3D6F100464083 /* Tech Test - iOS Developer.pdf */ = {isa = PBXFileReference; lastKnownFileType = image.pdf; path = "Tech Test - iOS Developer.pdf"; sourceTree = "<group>"; };
		A9B28E7E1CB3D7BC00464083 /* Global.swift */ = {isa = PBXFileReference; fileEncoding = 4; lastKnownFileType = sourcecode.swift; path = Global.swift; sourceTree = "<group>"; };
		A9B28E801CB3DBAC00464083 /* Good.swift */ = {isa = PBXFileReference; fileEncoding = 4; lastKnownFileType = sourcecode.swift; path = Good.swift; sourceTree = "<group>"; };
		A9B28E821CB3EC2900464083 /* Currency.swift */ = {isa = PBXFileReference; fileEncoding = 4; lastKnownFileType = sourcecode.swift; path = Currency.swift; sourceTree = "<group>"; };
/* End PBXFileReference section */

/* Begin PBXFrameworksBuildPhase section */
		A9B28E461CB3D33C00464083 /* Frameworks */ = {
			isa = PBXFrameworksBuildPhase;
			buildActionMask = 2147483647;
			files = (
				8BF7A031BA944A950B404922 /* Pods.framework in Frameworks */,
			);
			runOnlyForDeploymentPostprocessing = 0;
		};
		A9B28E5D1CB3D33C00464083 /* Frameworks */ = {
			isa = PBXFrameworksBuildPhase;
			buildActionMask = 2147483647;
			files = (
			);
			runOnlyForDeploymentPostprocessing = 0;
		};
/* End PBXFrameworksBuildPhase section */

/* Begin PBXGroup section */
		0D56AF0C051A47F6E0522526 /* Pods */ = {
			isa = PBXGroup;
			children = (
				311182806F3E198E464E0640 /* Pods.debug.xcconfig */,
				38604E484BB221D6459217B0 /* Pods.release.xcconfig */,
			);
			name = Pods;
			sourceTree = "<group>";
		};
		3D493EFC33C32CC562F2B124 /* Frameworks */ = {
			isa = PBXGroup;
			children = (
				51412203209DCE13D25DD69B /* Pods.framework */,
			);
			name = Frameworks;
			sourceTree = "<group>";
		};
		A9B28E401CB3D33C00464083 = {
			isa = PBXGroup;
			children = (
				A9B28E7D1CB3D6F100464083 /* Tech Test - iOS Developer.pdf */,
				A9B28E4B1CB3D33C00464083 /* currencies */,
				A9B28E631CB3D33C00464083 /* currenciesTests */,
				A9B28E4A1CB3D33C00464083 /* Products */,
				0D56AF0C051A47F6E0522526 /* Pods */,
				3D493EFC33C32CC562F2B124 /* Frameworks */,
			);
			sourceTree = "<group>";
		};
		A9B28E4A1CB3D33C00464083 /* Products */ = {
			isa = PBXGroup;
			children = (
				A9B28E491CB3D33C00464083 /* currencies.app */,
				A9B28E601CB3D33C00464083 /* currenciesTests.xctest */,
			);
			name = Products;
			sourceTree = "<group>";
		};
		A9B28E4B1CB3D33C00464083 /* currencies */ = {
			isa = PBXGroup;
			children = (
				A9B28E7E1CB3D7BC00464083 /* Global.swift */,
				A9B28E4C1CB3D33C00464083 /* AppDelegate.swift */,
				A9B28E721CB3D4FF00464083 /* Model */,
				A9B28E731CB3D4FF00464083 /* View */,
				A9B28E701CB3D4FF00464083 /* Controller */,
				A9B28E561CB3D33C00464083 /* Assets.xcassets */,
				A9B28E581CB3D33C00464083 /* LaunchScreen.storyboard */,
				A9B28E5B1CB3D33C00464083 /* Info.plist */,
				A9B28E531CB3D33C00464083 /* currencies.xcdatamodeld */,
			);
			path = currencies;
			sourceTree = "<group>";
		};
		A9B28E631CB3D33C00464083 /* currenciesTests */ = {
			isa = PBXGroup;
			children = (
				A9B28E641CB3D33C00464083 /* currenciesTests.swift */,
				A9B28E661CB3D33C00464083 /* Info.plist */,
			);
			path = currenciesTests;
			sourceTree = "<group>";
		};
		A9B28E701CB3D4FF00464083 /* Controller */ = {
			isa = PBXGroup;
			children = (
				A9B28E771CB3D56B00464083 /* Shared */,
				A9B28E711CB3D4FF00464083 /* ViewController.swift */,
			);
			path = Controller;
			sourceTree = "<group>";
		};
		A9B28E721CB3D4FF00464083 /* Model */ = {
			isa = PBXGroup;
			children = (
				A9B28E751CB3D54100464083 /* Session.swift */,
				A9B28E801CB3DBAC00464083 /* Good.swift */,
				A9B28E821CB3EC2900464083 /* Currency.swift */,
			);
			path = Model;
			sourceTree = "<group>";
		};
		A9B28E731CB3D4FF00464083 /* View */ = {
			isa = PBXGroup;
			children = (
				A9B28E781CB3D57B00464083 /* Cell */,
			);
			path = View;
			sourceTree = "<group>";
		};
		A9B28E771CB3D56B00464083 /* Shared */ = {
			isa = PBXGroup;
			children = (
				A9B28E791CB3D58C00464083 /* SharedViewController.swift */,
				A9B28E7B1CB3D60800464083 /* SharedTableViewController.swift */,
			);
			path = Shared;
			sourceTree = "<group>";
		};
		A9B28E781CB3D57B00464083 /* Cell */ = {
			isa = PBXGroup;
			children = (
			);
			path = Cell;
			sourceTree = "<group>";
		};
/* End PBXGroup section */

/* Begin PBXNativeTarget section */
		A9B28E481CB3D33C00464083 /* currencies */ = {
			isa = PBXNativeTarget;
			buildConfigurationList = A9B28E691CB3D33C00464083 /* Build configuration list for PBXNativeTarget "currencies" */;
			buildPhases = (
				9EB26903EDFAB1EAF92ED7FC /* Check Pods Manifest.lock */,
				A9B28E451CB3D33C00464083 /* Sources */,
				A9B28E461CB3D33C00464083 /* Frameworks */,
				A9B28E471CB3D33C00464083 /* Resources */,
				CAA888BDD4F6B3E42BE2ED4A /* Embed Pods Frameworks */,
				142F4F33418DB96ABF29F64A /* Copy Pods Resources */,
			);
			buildRules = (
			);
			dependencies = (
			);
			name = currencies;
			productName = currencies;
			productReference = A9B28E491CB3D33C00464083 /* currencies.app */;
			productType = "com.apple.product-type.application";
		};
		A9B28E5F1CB3D33C00464083 /* currenciesTests */ = {
			isa = PBXNativeTarget;
			buildConfigurationList = A9B28E6C1CB3D33C00464083 /* Build configuration list for PBXNativeTarget "currenciesTests" */;
			buildPhases = (
				A9B28E5C1CB3D33C00464083 /* Sources */,
				A9B28E5D1CB3D33C00464083 /* Frameworks */,
				A9B28E5E1CB3D33C00464083 /* Resources */,
			);
			buildRules = (
			);
			dependencies = (
				A9B28E621CB3D33C00464083 /* PBXTargetDependency */,
			);
			name = currenciesTests;
			productName = currenciesTests;
			productReference = A9B28E601CB3D33C00464083 /* currenciesTests.xctest */;
			productType = "com.apple.product-type.bundle.unit-test";
		};
/* End PBXNativeTarget section */

/* Begin PBXProject section */
		A9B28E411CB3D33C00464083 /* Project object */ = {
			isa = PBXProject;
			attributes = {
				LastSwiftUpdateCheck = 0730;
				LastUpgradeCheck = 0730;
				ORGANIZATIONNAME = Solera;
				TargetAttributes = {
					A9B28E481CB3D33C00464083 = {
						CreatedOnToolsVersion = 7.3;
					};
					A9B28E5F1CB3D33C00464083 = {
						CreatedOnToolsVersion = 7.3;
						TestTargetID = A9B28E481CB3D33C00464083;
					};
				};
			};
			buildConfigurationList = A9B28E441CB3D33C00464083 /* Build configuration list for PBXProject "currencies" */;
			compatibilityVersion = "Xcode 3.2";
			developmentRegion = English;
			hasScannedForEncodings = 0;
			knownRegions = (
				en,
				Base,
			);
			mainGroup = A9B28E401CB3D33C00464083;
			productRefGroup = A9B28E4A1CB3D33C00464083 /* Products */;
			projectDirPath = "";
			projectRoot = "";
			targets = (
				A9B28E481CB3D33C00464083 /* currencies */,
				A9B28E5F1CB3D33C00464083 /* currenciesTests */,
			);
		};
/* End PBXProject section */

/* Begin PBXResourcesBuildPhase section */
		A9B28E471CB3D33C00464083 /* Resources */ = {
			isa = PBXResourcesBuildPhase;
			buildActionMask = 2147483647;
			files = (
				A9B28E5A1CB3D33C00464083 /* LaunchScreen.storyboard in Resources */,
				A9B28E571CB3D33C00464083 /* Assets.xcassets in Resources */,
			);
			runOnlyForDeploymentPostprocessing = 0;
		};
		A9B28E5E1CB3D33C00464083 /* Resources */ = {
			isa = PBXResourcesBuildPhase;
			buildActionMask = 2147483647;
			files = (
			);
			runOnlyForDeploymentPostprocessing = 0;
		};
/* End PBXResourcesBuildPhase section */

/* Begin PBXShellScriptBuildPhase section */
		142F4F33418DB96ABF29F64A /* Copy Pods Resources */ = {
			isa = PBXShellScriptBuildPhase;
			buildActionMask = 2147483647;
			files = (
			);
			inputPaths = (
			);
			name = "Copy Pods Resources";
			outputPaths = (
			);
			runOnlyForDeploymentPostprocessing = 0;
			shellPath = /bin/sh;
			shellScript = "\"${SRCROOT}/Pods/Target Support Files/Pods/Pods-resources.sh\"\n";
			showEnvVarsInLog = 0;
		};
		9EB26903EDFAB1EAF92ED7FC /* Check Pods Manifest.lock */ = {
			isa = PBXShellScriptBuildPhase;
			buildActionMask = 2147483647;
			files = (
			);
			inputPaths = (
			);
			name = "Check Pods Manifest.lock";
			outputPaths = (
			);
			runOnlyForDeploymentPostprocessing = 0;
			shellPath = /bin/sh;
			shellScript = "diff \"${PODS_ROOT}/../Podfile.lock\" \"${PODS_ROOT}/Manifest.lock\" > /dev/null\nif [[ $? != 0 ]] ; then\n    cat << EOM\nerror: The sandbox is not in sync with the Podfile.lock. Run 'pod install' or update your CocoaPods installation.\nEOM\n    exit 1\nfi\n";
			showEnvVarsInLog = 0;
		};
		CAA888BDD4F6B3E42BE2ED4A /* Embed Pods Frameworks */ = {
			isa = PBXShellScriptBuildPhase;
			buildActionMask = 2147483647;
			files = (
			);
			inputPaths = (
			);
			name = "Embed Pods Frameworks";
			outputPaths = (
			);
			runOnlyForDeploymentPostprocessing = 0;
			shellPath = /bin/sh;
			shellScript = "\"${SRCROOT}/Pods/Target Support Files/Pods/Pods-frameworks.sh\"\n";
			showEnvVarsInLog = 0;
		};
/* End PBXShellScriptBuildPhase section */

/* Begin PBXSourcesBuildPhase section */
		A9B28E451CB3D33C00464083 /* Sources */ = {
			isa = PBXSourcesBuildPhase;
			buildActionMask = 2147483647;
			files = (
				A9B28E831CB3EC2900464083 /* Currency.swift in Sources */,
				A9B28E761CB3D54100464083 /* Session.swift in Sources */,
				A9B28E7A1CB3D58C00464083 /* SharedViewController.swift in Sources */,
				A9B28E4D1CB3D33C00464083 /* AppDelegate.swift in Sources */,
				A9B28E741CB3D4FF00464083 /* ViewController.swift in Sources */,
				A9B28E7C1CB3D60800464083 /* SharedTableViewController.swift in Sources */,
				A9B28E551CB3D33C00464083 /* currencies.xcdatamodeld in Sources */,
				A9B28E811CB3DBAC00464083 /* Good.swift in Sources */,
				A9B28E7F1CB3D7BC00464083 /* Global.swift in Sources */,
			);
			runOnlyForDeploymentPostprocessing = 0;
		};
		A9B28E5C1CB3D33C00464083 /* Sources */ = {
			isa = PBXSourcesBuildPhase;
			buildActionMask = 2147483647;
			files = (
				A9B28E651CB3D33C00464083 /* currenciesTests.swift in Sources */,
			);
			runOnlyForDeploymentPostprocessing = 0;
		};
/* End PBXSourcesBuildPhase section */

/* Begin PBXTargetDependency section */
		A9B28E621CB3D33C00464083 /* PBXTargetDependency */ = {
			isa = PBXTargetDependency;
			target = A9B28E481CB3D33C00464083 /* currencies */;
			targetProxy = A9B28E611CB3D33C00464083 /* PBXContainerItemProxy */;
		};
/* End PBXTargetDependency section */

/* Begin PBXVariantGroup section */
		A9B28E581CB3D33C00464083 /* LaunchScreen.storyboard */ = {
			isa = PBXVariantGroup;
			children = (
				A9B28E591CB3D33C00464083 /* Base */,
			);
			name = LaunchScreen.storyboard;
			sourceTree = "<group>";
		};
/* End PBXVariantGroup section */

/* Begin XCBuildConfiguration section */
		A9B28E671CB3D33C00464083 /* Debug */ = {
			isa = XCBuildConfiguration;
			buildSettings = {
				ALWAYS_SEARCH_USER_PATHS = NO;
				CLANG_ANALYZER_NONNULL = YES;
				CLANG_CXX_LANGUAGE_STANDARD = "gnu++0x";
				CLANG_CXX_LIBRARY = "libc++";
				CLANG_ENABLE_MODULES = YES;
				CLANG_ENABLE_OBJC_ARC = YES;
				CLANG_WARN_BOOL_CONVERSION = YES;
				CLANG_WARN_CONSTANT_CONVERSION = YES;
				CLANG_WARN_DIRECT_OBJC_ISA_USAGE = YES_ERROR;
				CLANG_WARN_EMPTY_BODY = YES;
				CLANG_WARN_ENUM_CONVERSION = YES;
				CLANG_WARN_INT_CONVERSION = YES;
				CLANG_WARN_OBJC_ROOT_CLASS = YES_ERROR;
				CLANG_WARN_UNREACHABLE_CODE = YES;
				CLANG_WARN__DUPLICATE_METHOD_MATCH = YES;
				"CODE_SIGN_IDENTITY[sdk=iphoneos*]" = "iPhone Developer";
				COPY_PHASE_STRIP = NO;
				DEBUG_INFORMATION_FORMAT = dwarf;
				ENABLE_STRICT_OBJC_MSGSEND = YES;
				ENABLE_TESTABILITY = YES;
				GCC_C_LANGUAGE_STANDARD = gnu99;
				GCC_DYNAMIC_NO_PIC = NO;
				GCC_NO_COMMON_BLOCKS = YES;
				GCC_OPTIMIZATION_LEVEL = 0;
				GCC_PREPROCESSOR_DEFINITIONS = (
					"DEBUG=1",
					"$(inherited)",
				);
				GCC_WARN_64_TO_32_BIT_CONVERSION = YES;
				GCC_WARN_ABOUT_RETURN_TYPE = YES_ERROR;
				GCC_WARN_UNDECLARED_SELECTOR = YES;
				GCC_WARN_UNINITIALIZED_AUTOS = YES_AGGRESSIVE;
				GCC_WARN_UNUSED_FUNCTION = YES;
				GCC_WARN_UNUSED_VARIABLE = YES;
				IPHONEOS_DEPLOYMENT_TARGET = 9.3;
				MTL_ENABLE_DEBUG_INFO = YES;
				ONLY_ACTIVE_ARCH = YES;
				SDKROOT = iphoneos;
				SWIFT_OPTIMIZATION_LEVEL = "-Onone";
			};
			name = Debug;
		};
		A9B28E681CB3D33C00464083 /* Release */ = {
			isa = XCBuildConfiguration;
			buildSettings = {
				ALWAYS_SEARCH_USER_PATHS = NO;
				CLANG_ANALYZER_NONNULL = YES;
				CLANG_CXX_LANGUAGE_STANDARD = "gnu++0x";
				CLANG_CXX_LIBRARY = "libc++";
				CLANG_ENABLE_MODULES = YES;
				CLANG_ENABLE_OBJC_ARC = YES;
				CLANG_WARN_BOOL_CONVERSION = YES;
				CLANG_WARN_CONSTANT_CONVERSION = YES;
				CLANG_WARN_DIRECT_OBJC_ISA_USAGE = YES_ERROR;
				CLANG_WARN_EMPTY_BODY = YES;
				CLANG_WARN_ENUM_CONVERSION = YES;
				CLANG_WARN_INT_CONVERSION = YES;
				CLANG_WARN_OBJC_ROOT_CLASS = YES_ERROR;
				CLANG_WARN_UNREACHABLE_CODE = YES;
				CLANG_WARN__DUPLICATE_METHOD_MATCH = YES;
				"CODE_SIGN_IDENTITY[sdk=iphoneos*]" = "iPhone Developer";
				COPY_PHASE_STRIP = NO;
				DEBUG_INFORMATION_FORMAT = "dwarf-with-dsym";
				ENABLE_NS_ASSERTIONS = NO;
				ENABLE_STRICT_OBJC_MSGSEND = YES;
				GCC_C_LANGUAGE_STANDARD = gnu99;
				GCC_NO_COMMON_BLOCKS = YES;
				GCC_WARN_64_TO_32_BIT_CONVERSION = YES;
				GCC_WARN_ABOUT_RETURN_TYPE = YES_ERROR;
				GCC_WARN_UNDECLARED_SELECTOR = YES;
				GCC_WARN_UNINITIALIZED_AUTOS = YES_AGGRESSIVE;
				GCC_WARN_UNUSED_FUNCTION = YES;
				GCC_WARN_UNUSED_VARIABLE = YES;
				IPHONEOS_DEPLOYMENT_TARGET = 9.3;
				MTL_ENABLE_DEBUG_INFO = NO;
				SDKROOT = iphoneos;
				VALIDATE_PRODUCT = YES;
			};
			name = Release;
		};
		A9B28E6A1CB3D33C00464083 /* Debug */ = {
			isa = XCBuildConfiguration;
			baseConfigurationReference = 311182806F3E198E464E0640 /* Pods.debug.xcconfig */;
			buildSettings = {
				ASSETCATALOG_COMPILER_APPICON_NAME = AppIcon;
				INFOPLIST_FILE = currencies/Info.plist;
				IPHONEOS_DEPLOYMENT_TARGET = 9.0;
				LD_RUNPATH_SEARCH_PATHS = "$(inherited) @executable_path/Frameworks";
				PRODUCT_BUNDLE_IDENTIFIER = solera.exercise.currencies;
				PRODUCT_NAME = "$(TARGET_NAME)";
			};
			name = Debug;
		};
		A9B28E6B1CB3D33C00464083 /* Release */ = {
			isa = XCBuildConfiguration;
			baseConfigurationReference = 38604E484BB221D6459217B0 /* Pods.release.xcconfig */;
			buildSettings = {
				ASSETCATALOG_COMPILER_APPICON_NAME = AppIcon;
				INFOPLIST_FILE = currencies/Info.plist;
				IPHONEOS_DEPLOYMENT_TARGET = 9.0;
				LD_RUNPATH_SEARCH_PATHS = "$(inherited) @executable_path/Frameworks";
				PRODUCT_BUNDLE_IDENTIFIER = solera.exercise.currencies;
				PRODUCT_NAME = "$(TARGET_NAME)";
			};
			name = Release;
		};
		A9B28E6D1CB3D33C00464083 /* Debug */ = {
			isa = XCBuildConfiguration;
			buildSettings = {
				BUNDLE_LOADER = "$(TEST_HOST)";
				INFOPLIST_FILE = currenciesTests/Info.plist;
				LD_RUNPATH_SEARCH_PATHS = "$(inherited) @executable_path/Frameworks @loader_path/Frameworks";
				PRODUCT_BUNDLE_IDENTIFIER = solera.exercise.currenciesTests;
				PRODUCT_NAME = "$(TARGET_NAME)";
				TEST_HOST = "$(BUILT_PRODUCTS_DIR)/currencies.app/currencies";
			};
			name = Debug;
		};
		A9B28E6E1CB3D33C00464083 /* Release */ = {
			isa = XCBuildConfiguration;
			buildSettings = {
				BUNDLE_LOADER = "$(TEST_HOST)";
				INFOPLIST_FILE = currenciesTests/Info.plist;
				LD_RUNPATH_SEARCH_PATHS = "$(inherited) @executable_path/Frameworks @loader_path/Frameworks";
				PRODUCT_BUNDLE_IDENTIFIER = solera.exercise.currenciesTests;
				PRODUCT_NAME = "$(TARGET_NAME)";
				TEST_HOST = "$(BUILT_PRODUCTS_DIR)/currencies.app/currencies";
			};
			name = Release;
		};
/* End XCBuildConfiguration section */

/* Begin XCConfigurationList section */
		A9B28E441CB3D33C00464083 /* Build configuration list for PBXProject "currencies" */ = {
			isa = XCConfigurationList;
			buildConfigurations = (
				A9B28E671CB3D33C00464083 /* Debug */,
				A9B28E681CB3D33C00464083 /* Release */,
			);
			defaultConfigurationIsVisible = 0;
			defaultConfigurationName = Release;
		};
		A9B28E691CB3D33C00464083 /* Build configuration list for PBXNativeTarget "currencies" */ = {
			isa = XCConfigurationList;
			buildConfigurations = (
				A9B28E6A1CB3D33C00464083 /* Debug */,
				A9B28E6B1CB3D33C00464083 /* Release */,
			);
			defaultConfigurationIsVisible = 0;
			defaultConfigurationName = Release;
		};
		A9B28E6C1CB3D33C00464083 /* Build configuration list for PBXNativeTarget "currenciesTests" */ = {
			isa = XCConfigurationList;
			buildConfigurations = (
				A9B28E6D1CB3D33C00464083 /* Debug */,
				A9B28E6E1CB3D33C00464083 /* Release */,
			);
			defaultConfigurationIsVisible = 0;
			defaultConfigurationName = Release;
		};
/* End XCConfigurationList section */

/* Begin XCVersionGroup section */
		A9B28E531CB3D33C00464083 /* currencies.xcdatamodeld */ = {
			isa = XCVersionGroup;
			children = (
				A9B28E541CB3D33C00464083 /* currencies.xcdatamodel */,
			);
			currentVersion = A9B28E541CB3D33C00464083 /* currencies.xcdatamodel */;
			path = currencies.xcdatamodeld;
			sourceTree = "<group>";
			versionGroupType = wrapper.xcdatamodel;
		};
/* End XCVersionGroup section */
	};
	rootObject = A9B28E411CB3D33C00464083 /* Project object */;
}
